
Microsoft Visual Studio Solution File, Format Version 12.00
# Visual Studio 15
VisualStudioVersion = 15.0.27428.2011
MinimumVisualStudioVersion = 10.0.40219.1
Project("{9A19103F-16F7-4668-BE54-9A1E7A4F7556}") = "Api-Gateway", "Api-Gateway.csproj", "{089C58ED-95D9-461F-82BD-FB3646FAB6C7}"
EndProject
Global
	GlobalSection(SolutionConfigurationPlatforms) = preSolution
		Debug|Any CPU = Debug|Any CPU
		Release|Any CPU = Release|Any CPU
	EndGlobalSection
	GlobalSection(ProjectConfigurationPlatforms) = postSolution
		{089C58ED-95D9-461F-82BD-FB3646FAB6C7}.Debug|Any CPU.ActiveCfg = Debug|Any CPU
		{089C58ED-95D9-461F-82BD-FB3646FAB6C7}.Debug|Any CPU.Build.0 = Debug|Any CPU
		{089C58ED-95D9-461F-82BD-FB3646FAB6C7}.Release|Any CPU.ActiveCfg = Release|Any CPU
		{089C58ED-95D9-461F-82BD-FB3646FAB6C7}.Release|Any CPU.Build.0 = Release|Any CPU
	EndGlobalSection
	GlobalSection(SolutionProperties) = preSolution
		HideSolutionNode = FALSE
	EndGlobalSection
	GlobalSection(ExtensibilityGlobals) = postSolution
		SolutionGuid = {E1971291-D9A2-4D31-8998-04182EDDCB9A}
	EndGlobalSection
EndGlobal
